
Microsoft Visual Studio Solution File, Format Version 12.00
# Visual Studio Version 17
VisualStudioVersion = 17.7.34031.279
MinimumVisualStudioVersion = 10.0.40219.1
Project("{FAE04EC0-301F-11D3-BF4B-00C04F79EFBC}") = "number guesser thing", "number guesser thing\number guesser thing.csproj", "{97EC989A-472D-462C-AE0B-B788484EF78F}"
EndProject
Global
	GlobalSection(SolutionConfigurationPlatforms) = preSolution
		Debug|Any CPU = Debug|Any CPU
		Release|Any CPU = Release|Any CPU
	EndGlobalSection
	GlobalSection(ProjectConfigurationPlatforms) = postSolution
		{97EC989A-472D-462C-AE0B-B788484EF78F}.Debug|Any CPU.ActiveCfg = Debug|Any CPU
		{97EC989A-472D-462C-AE0B-B788484EF78F}.Debug|Any CPU.Build.0 = Debug|Any CPU
		{97EC989A-472D-462C-AE0B-B788484EF78F}.Release|Any CPU.ActiveCfg = Release|Any CPU
		{97EC989A-472D-462C-AE0B-B788484EF78F}.Release|Any CPU.Build.0 = Release|Any CPU
	EndGlobalSection
	GlobalSection(SolutionProperties) = preSolution
		HideSolutionNode = FALSE
	EndGlobalSection
	GlobalSection(ExtensibilityGlobals) = postSolution
		SolutionGuid = {B615A3CC-E4DA-4CA0-8BF7-90331D99CE93}
	EndGlobalSection
EndGlobal
